// !$*UTF8*$!
{
	archiveVersion = 1;
	classes = {
	};
	objectVersion = 55;
	objects = {

/* Begin PBXBuildFile section */
		B471DDEF281BC5540069B00E /* ExerciseUseCase.swift in Sources */ = {isa = PBXBuildFile; fileRef = B471DDEE281BC5540069B00E /* ExerciseUseCase.swift */; };
		B471DDF1281BC5D50069B00E /* UseCaseProvider.swift in Sources */ = {isa = PBXBuildFile; fileRef = B471DDF0281BC5D50069B00E /* UseCaseProvider.swift */; };
		B4BB1F9E281BAF2A003E4B24 /* AppDelegate.swift in Sources */ = {isa = PBXBuildFile; fileRef = B4BB1F9D281BAF2A003E4B24 /* AppDelegate.swift */; };
		B4BB1FA0281BAF2A003E4B24 /* SceneDelegate.swift in Sources */ = {isa = PBXBuildFile; fileRef = B4BB1F9F281BAF2A003E4B24 /* SceneDelegate.swift */; };
		B4BB1FA2281BAF2A003E4B24 /* ViewController.swift in Sources */ = {isa = PBXBuildFile; fileRef = B4BB1FA1281BAF2A003E4B24 /* ViewController.swift */; };
		B4BB1FA7281BAF2A003E4B24 /* Assets.xcassets in Resources */ = {isa = PBXBuildFile; fileRef = B4BB1FA6281BAF2A003E4B24 /* Assets.xcassets */; };
		B4BB1FAA281BAF2A003E4B24 /* LaunchScreen.storyboard in Resources */ = {isa = PBXBuildFile; fileRef = B4BB1FA8281BAF2A003E4B24 /* LaunchScreen.storyboard */; };
		B4BB1FB5281BB235003E4B24 /* Exercise.swift in Sources */ = {isa = PBXBuildFile; fileRef = B4BB1FB4281BB235003E4B24 /* Exercise.swift */; };
		B4BB1FB7281BB2DD003E4B24 /* Routine.swift in Sources */ = {isa = PBXBuildFile; fileRef = B4BB1FB6281BB2DD003E4B24 /* Routine.swift */; };
/* End PBXBuildFile section */

/* Begin PBXFileReference section */
		B471DDEE281BC5540069B00E /* ExerciseUseCase.swift */ = {isa = PBXFileReference; lastKnownFileType = sourcecode.swift; path = ExerciseUseCase.swift; sourceTree = "<group>"; };
		B471DDF0281BC5D50069B00E /* UseCaseProvider.swift */ = {isa = PBXFileReference; lastKnownFileType = sourcecode.swift; path = UseCaseProvider.swift; sourceTree = "<group>"; };
		B4BB1F9A281BAF2A003E4B24 /* Noon.app */ = {isa = PBXFileReference; explicitFileType = wrapper.application; includeInIndex = 0; path = Noon.app; sourceTree = BUILT_PRODUCTS_DIR; };
		B4BB1F9D281BAF2A003E4B24 /* AppDelegate.swift */ = {isa = PBXFileReference; lastKnownFileType = sourcecode.swift; path = AppDelegate.swift; sourceTree = "<group>"; };
		B4BB1F9F281BAF2A003E4B24 /* SceneDelegate.swift */ = {isa = PBXFileReference; lastKnownFileType = sourcecode.swift; path = SceneDelegate.swift; sourceTree = "<group>"; };
		B4BB1FA1281BAF2A003E4B24 /* ViewController.swift */ = {isa = PBXFileReference; lastKnownFileType = sourcecode.swift; path = ViewController.swift; sourceTree = "<group>"; };
		B4BB1FA6281BAF2A003E4B24 /* Assets.xcassets */ = {isa = PBXFileReference; lastKnownFileType = folder.assetcatalog; path = Assets.xcassets; sourceTree = "<group>"; };
		B4BB1FA9281BAF2A003E4B24 /* Base */ = {isa = PBXFileReference; lastKnownFileType = file.storyboard; name = Base; path = Base.lproj/LaunchScreen.storyboard; sourceTree = "<group>"; };
		B4BB1FAB281BAF2A003E4B24 /* Info.plist */ = {isa = PBXFileReference; lastKnownFileType = text.plist.xml; path = Info.plist; sourceTree = "<group>"; };
		B4BB1FB4281BB235003E4B24 /* Exercise.swift */ = {isa = PBXFileReference; lastKnownFileType = sourcecode.swift; path = Exercise.swift; sourceTree = "<group>"; };
		B4BB1FB6281BB2DD003E4B24 /* Routine.swift */ = {isa = PBXFileReference; lastKnownFileType = sourcecode.swift; path = Routine.swift; sourceTree = "<group>"; };
/* End PBXFileReference section */

/* Begin PBXFrameworksBuildPhase section */
		B4BB1F97281BAF2A003E4B24 /* Frameworks */ = {
			isa = PBXFrameworksBuildPhase;
			buildActionMask = 2147483647;
			files = (
			);
			runOnlyForDeploymentPostprocessing = 0;
		};
/* End PBXFrameworksBuildPhase section */

/* Begin PBXGroup section */
		B471DDED281BC5250069B00E /* UseCases */ = {
			isa = PBXGroup;
			children = (
				B471DDEE281BC5540069B00E /* ExerciseUseCase.swift */,
				B471DDF0281BC5D50069B00E /* UseCaseProvider.swift */,
			);
			path = UseCases;
			sourceTree = "<group>";
		};
		B4BB1F91281BAF2A003E4B24 = {
			isa = PBXGroup;
			children = (
				B4BB1F9C281BAF2A003E4B24 /* Noon */,
				B4BB1F9B281BAF2A003E4B24 /* Products */,
			);
			sourceTree = "<group>";
		};
		B4BB1F9B281BAF2A003E4B24 /* Products */ = {
			isa = PBXGroup;
			children = (
				B4BB1F9A281BAF2A003E4B24 /* Noon.app */,
			);
			name = Products;
			sourceTree = "<group>";
		};
		B4BB1F9C281BAF2A003E4B24 /* Noon */ = {
			isa = PBXGroup;
			children = (
				B4BB1FB2281BB212003E4B24 /* CoreDataPlatform */,
				B4BB1FB1281BB20F003E4B24 /* Domain */,
				B4BB1F9D281BAF2A003E4B24 /* AppDelegate.swift */,
				B4BB1F9F281BAF2A003E4B24 /* SceneDelegate.swift */,
				B4BB1FA1281BAF2A003E4B24 /* ViewController.swift */,
				B4BB1FA6281BAF2A003E4B24 /* Assets.xcassets */,
				B4BB1FA8281BAF2A003E4B24 /* LaunchScreen.storyboard */,
				B4BB1FAB281BAF2A003E4B24 /* Info.plist */,
			);
			path = Noon;
			sourceTree = "<group>";
		};
		B4BB1FB1281BB20F003E4B24 /* Domain */ = {
			isa = PBXGroup;
			children = (
				B471DDED281BC5250069B00E /* UseCases */,
				B4BB1FB3281BB227003E4B24 /* Entities */,
			);
			path = Domain;
			sourceTree = "<group>";
		};
		B4BB1FB2281BB212003E4B24 /* CoreDataPlatform */ = {
			isa = PBXGroup;
			children = (
			);
			path = CoreDataPlatform;
			sourceTree = "<group>";
		};
		B4BB1FB3281BB227003E4B24 /* Entities */ = {
			isa = PBXGroup;
			children = (
				B4BB1FB4281BB235003E4B24 /* Exercise.swift */,
				B4BB1FB6281BB2DD003E4B24 /* Routine.swift */,
			);
			path = Entities;
			sourceTree = "<group>";
		};
/* End PBXGroup section */

/* Begin PBXNativeTarget section */
		B4BB1F99281BAF2A003E4B24 /* Noon */ = {
			isa = PBXNativeTarget;
			buildConfigurationList = B4BB1FAE281BAF2A003E4B24 /* Build configuration list for PBXNativeTarget "Noon" */;
			buildPhases = (
				B4BB1F96281BAF2A003E4B24 /* Sources */,
				B4BB1F97281BAF2A003E4B24 /* Frameworks */,
				B4BB1F98281BAF2A003E4B24 /* Resources */,
			);
			buildRules = (
			);
			dependencies = (
			);
			name = Noon;
			productName = Noon;
			productReference = B4BB1F9A281BAF2A003E4B24 /* Noon.app */;
			productType = "com.apple.product-type.application";
		};
/* End PBXNativeTarget section */

/* Begin PBXProject section */
		B4BB1F92281BAF2A003E4B24 /* Project object */ = {
			isa = PBXProject;
			attributes = {
				BuildIndependentTargetsInParallel = 1;
				LastSwiftUpdateCheck = 1330;
				LastUpgradeCheck = 1330;
				TargetAttributes = {
					B4BB1F99281BAF2A003E4B24 = {
						CreatedOnToolsVersion = 13.3.1;
					};
				};
			};
			buildConfigurationList = B4BB1F95281BAF2A003E4B24 /* Build configuration list for PBXProject "Noon" */;
			compatibilityVersion = "Xcode 13.0";
			developmentRegion = en;
			hasScannedForEncodings = 0;
			knownRegions = (
				en,
				Base,
			);
			mainGroup = B4BB1F91281BAF2A003E4B24;
			productRefGroup = B4BB1F9B281BAF2A003E4B24 /* Products */;
			projectDirPath = "";
			projectRoot = "";
			targets = (
				B4BB1F99281BAF2A003E4B24 /* Noon */,
			);
		};
/* End PBXProject section */

/* Begin PBXResourcesBuildPhase section */
		B4BB1F98281BAF2A003E4B24 /* Resources */ = {
			isa = PBXResourcesBuildPhase;
			buildActionMask = 2147483647;
			files = (
				B4BB1FAA281BAF2A003E4B24 /* LaunchScreen.storyboard in Resources */,
				B4BB1FA7281BAF2A003E4B24 /* Assets.xcassets in Resources */,
			);
			runOnlyForDeploymentPostprocessing = 0;
		};
/* End PBXResourcesBuildPhase section */

/* Begin PBXSourcesBuildPhase section */
		B4BB1F96281BAF2A003E4B24 /* Sources */ = {
			isa = PBXSourcesBuildPhase;
			buildActionMask = 2147483647;
			files = (
				B4BB1FB7281BB2DD003E4B24 /* Routine.swift in Sources */,
				B471DDEF281BC5540069B00E /* ExerciseUseCase.swift in Sources */,
				B4BB1FA2281BAF2A003E4B24 /* ViewController.swift in Sources */,
				B4BB1FB5281BB235003E4B24 /* Exercise.swift in Sources */,
				B4BB1F9E281BAF2A003E4B24 /* AppDelegate.swift in Sources */,
				B4BB1FA0281BAF2A003E4B24 /* SceneDelegate.swift in Sources */,
				B471DDF1281BC5D50069B00E /* UseCaseProvider.swift in Sources */,
			);
			runOnlyForDeploymentPostprocessing = 0;
		};
/* End PBXSourcesBuildPhase section */

/* Begin PBXVariantGroup section */
		B4BB1FA8281BAF2A003E4B24 /* LaunchScreen.storyboard */ = {
			isa = PBXVariantGroup;
			children = (
				B4BB1FA9281BAF2A003E4B24 /* Base */,
			);
			name = LaunchScreen.storyboard;
			sourceTree = "<group>";
		};
/* End PBXVariantGroup section */

/* Begin XCBuildConfiguration section */
		B4BB1FAC281BAF2A003E4B24 /* Debug */ = {
			isa = XCBuildConfiguration;
			buildSettings = {
				ALWAYS_SEARCH_USER_PATHS = NO;
				CLANG_ANALYZER_NONNULL = YES;
				CLANG_ANALYZER_NUMBER_OBJECT_CONVERSION = YES_AGGRESSIVE;
				CLANG_CXX_LANGUAGE_STANDARD = "gnu++17";
				CLANG_ENABLE_MODULES = YES;
				CLANG_ENABLE_OBJC_ARC = YES;
				CLANG_ENABLE_OBJC_WEAK = YES;
				CLANG_WARN_BLOCK_CAPTURE_AUTORELEASING = YES;
				CLANG_WARN_BOOL_CONVERSION = YES;
				CLANG_WARN_COMMA = YES;
				CLANG_WARN_CONSTANT_CONVERSION = YES;
				CLANG_WARN_DEPRECATED_OBJC_IMPLEMENTATIONS = YES;
				CLANG_WARN_DIRECT_OBJC_ISA_USAGE = YES_ERROR;
				CLANG_WARN_DOCUMENTATION_COMMENTS = YES;
				CLANG_WARN_EMPTY_BODY = YES;
				CLANG_WARN_ENUM_CONVERSION = YES;
				CLANG_WARN_INFINITE_RECURSION = YES;
				CLANG_WARN_INT_CONVERSION = YES;
				CLANG_WARN_NON_LITERAL_NULL_CONVERSION = YES;
				CLANG_WARN_OBJC_IMPLICIT_RETAIN_SELF = YES;
				CLANG_WARN_OBJC_LITERAL_CONVERSION = YES;
				CLANG_WARN_OBJC_ROOT_CLASS = YES_ERROR;
				CLANG_WARN_QUOTED_INCLUDE_IN_FRAMEWORK_HEADER = YES;
				CLANG_WARN_RANGE_LOOP_ANALYSIS = YES;
				CLANG_WARN_STRICT_PROTOTYPES = YES;
				CLANG_WARN_SUSPICIOUS_MOVE = YES;
				CLANG_WARN_UNGUARDED_AVAILABILITY = YES_AGGRESSIVE;
				CLANG_WARN_UNREACHABLE_CODE = YES;
				CLANG_WARN__DUPLICATE_METHOD_MATCH = YES;
				COPY_PHASE_STRIP = NO;
				DEBUG_INFORMATION_FORMAT = dwarf;
				ENABLE_STRICT_OBJC_MSGSEND = YES;
				ENABLE_TESTABILITY = YES;
				GCC_C_LANGUAGE_STANDARD = gnu11;
				GCC_DYNAMIC_NO_PIC = NO;
				GCC_NO_COMMON_BLOCKS = YES;
				GCC_OPTIMIZATION_LEVEL = 0;
				GCC_PREPROCESSOR_DEFINITIONS = (
					"DEBUG=1",
					"$(inherited)",
				);
				GCC_WARN_64_TO_32_BIT_CONVERSION = YES;
				GCC_WARN_ABOUT_RETURN_TYPE = YES_ERROR;
				GCC_WARN_UNDECLARED_SELECTOR = YES;
				GCC_WARN_UNINITIALIZED_AUTOS = YES_AGGRESSIVE;
				GCC_WARN_UNUSED_FUNCTION = YES;
				GCC_WARN_UNUSED_VARIABLE = YES;
				IPHONEOS_DEPLOYMENT_TARGET = 15.4;
				MTL_ENABLE_DEBUG_INFO = INCLUDE_SOURCE;
				MTL_FAST_MATH = YES;
				ONLY_ACTIVE_ARCH = YES;
				SDKROOT = iphoneos;
				SWIFT_ACTIVE_COMPILATION_CONDITIONS = DEBUG;
				SWIFT_OPTIMIZATION_LEVEL = "-Onone";
			};
			name = Debug;
		};
		B4BB1FAD281BAF2A003E4B24 /* Release */ = {
			isa = XCBuildConfiguration;
			buildSettings = {
				ALWAYS_SEARCH_USER_PATHS = NO;
				CLANG_ANALYZER_NONNULL = YES;
				CLANG_ANALYZER_NUMBER_OBJECT_CONVERSION = YES_AGGRESSIVE;
				CLANG_CXX_LANGUAGE_STANDARD = "gnu++17";
				CLANG_ENABLE_MODULES = YES;
				CLANG_ENABLE_OBJC_ARC = YES;
				CLANG_ENABLE_OBJC_WEAK = YES;
				CLANG_WARN_BLOCK_CAPTURE_AUTORELEASING = YES;
				CLANG_WARN_BOOL_CONVERSION = YES;
				CLANG_WARN_COMMA = YES;
				CLANG_WARN_CONSTANT_CONVERSION = YES;
				CLANG_WARN_DEPRECATED_OBJC_IMPLEMENTATIONS = YES;
				CLANG_WARN_DIRECT_OBJC_ISA_USAGE = YES_ERROR;
				CLANG_WARN_DOCUMENTATION_COMMENTS = YES;
				CLANG_WARN_EMPTY_BODY = YES;
				CLANG_WARN_ENUM_CONVERSION = YES;
				CLANG_WARN_INFINITE_RECURSION = YES;
				CLANG_WARN_INT_CONVERSION = YES;
				CLANG_WARN_NON_LITERAL_NULL_CONVERSION = YES;
				CLANG_WARN_OBJC_IMPLICIT_RETAIN_SELF = YES;
				CLANG_WARN_OBJC_LITERAL_CONVERSION = YES;
				CLANG_WARN_OBJC_ROOT_CLASS = YES_ERROR;
				CLANG_WARN_QUOTED_INCLUDE_IN_FRAMEWORK_HEADER = YES;
				CLANG_WARN_RANGE_LOOP_ANALYSIS = YES;
				CLANG_WARN_STRICT_PROTOTYPES = YES;
				CLANG_WARN_SUSPICIOUS_MOVE = YES;
				CLANG_WARN_UNGUARDED_AVAILABILITY = YES_AGGRESSIVE;
				CLANG_WARN_UNREACHABLE_CODE = YES;
				CLANG_WARN__DUPLICATE_METHOD_MATCH = YES;
				COPY_PHASE_STRIP = NO;
				DEBUG_INFORMATION_FORMAT = "dwarf-with-dsym";
				ENABLE_NS_ASSERTIONS = NO;
				ENABLE_STRICT_OBJC_MSGSEND = YES;
				GCC_C_LANGUAGE_STANDARD = gnu11;
				GCC_NO_COMMON_BLOCKS = YES;
				GCC_WARN_64_TO_32_BIT_CONVERSION = YES;
				GCC_WARN_ABOUT_RETURN_TYPE = YES_ERROR;
				GCC_WARN_UNDECLARED_SELECTOR = YES;
				GCC_WARN_UNINITIALIZED_AUTOS = YES_AGGRESSIVE;
				GCC_WARN_UNUSED_FUNCTION = YES;
				GCC_WARN_UNUSED_VARIABLE = YES;
				IPHONEOS_DEPLOYMENT_TARGET = 15.4;
				MTL_ENABLE_DEBUG_INFO = NO;
				MTL_FAST_MATH = YES;
				SDKROOT = iphoneos;
				SWIFT_COMPILATION_MODE = wholemodule;
				SWIFT_OPTIMIZATION_LEVEL = "-O";
				VALIDATE_PRODUCT = YES;
			};
			name = Release;
		};
		B4BB1FAF281BAF2A003E4B24 /* Debug */ = {
			isa = XCBuildConfiguration;
			buildSettings = {
				ASSETCATALOG_COMPILER_APPICON_NAME = AppIcon;
				ASSETCATALOG_COMPILER_GLOBAL_ACCENT_COLOR_NAME = AccentColor;
				CODE_SIGN_STYLE = Automatic;
				CURRENT_PROJECT_VERSION = 1;
				DEVELOPMENT_TEAM = SK9D9HK9A2;
				GENERATE_INFOPLIST_FILE = YES;
				INFOPLIST_FILE = Noon/Info.plist;
				INFOPLIST_KEY_UIApplicationSupportsIndirectInputEvents = YES;
				INFOPLIST_KEY_UILaunchStoryboardName = LaunchScreen;
				INFOPLIST_KEY_UIMainStoryboardFile = "";
				INFOPLIST_KEY_UISupportedInterfaceOrientations_iPad = "UIInterfaceOrientationPortrait UIInterfaceOrientationPortraitUpsideDown UIInterfaceOrientationLandscapeLeft UIInterfaceOrientationLandscapeRight";
				INFOPLIST_KEY_UISupportedInterfaceOrientations_iPhone = "UIInterfaceOrientationPortrait UIInterfaceOrientationLandscapeLeft UIInterfaceOrientationLandscapeRight";
				IPHONEOS_DEPLOYMENT_TARGET = 13.0;
				LD_RUNPATH_SEARCH_PATHS = (
					"$(inherited)",
					"@executable_path/Frameworks",
				);
				MARKETING_VERSION = 1.0;
				PRODUCT_BUNDLE_IDENTIFIER = com.howift.Noon;
				PRODUCT_NAME = "$(TARGET_NAME)";
				SWIFT_EMIT_LOC_STRINGS = YES;
				SWIFT_VERSION = 5.0;
				TARGETED_DEVICE_FAMILY = "1,2";
			};
			name = Debug;
		};
		B4BB1FB0281BAF2A003E4B24 /* Release */ = {
			isa = XCBuildConfiguration;
			buildSettings = {
				ASSETCATALOG_COMPILER_APPICON_NAME = AppIcon;
				ASSETCATALOG_COMPILER_GLOBAL_ACCENT_COLOR_NAME = AccentColor;
				CODE_SIGN_STYLE = Automatic;
				CURRENT_PROJECT_VERSION = 1;
				DEVELOPMENT_TEAM = SK9D9HK9A2;
				GENERATE_INFOPLIST_FILE = YES;
				INFOPLIST_FILE = Noon/Info.plist;
				INFOPLIST_KEY_UIApplicationSupportsIndirectInputEvents = YES;
				INFOPLIST_KEY_UILaunchStoryboardName = LaunchScreen;
				INFOPLIST_KEY_UIMainStoryboardFile = "";
				INFOPLIST_KEY_UISupportedInterfaceOrientations_iPad = "UIInterfaceOrientationPortrait UIInterfaceOrientationPortraitUpsideDown UIInterfaceOrientationLandscapeLeft UIInterfaceOrientationLandscapeRight";
				INFOPLIST_KEY_UISupportedInterfaceOrientations_iPhone = "UIInterfaceOrientationPortrait UIInterfaceOrientationLandscapeLeft UIInterfaceOrientationLandscapeRight";
				IPHONEOS_DEPLOYMENT_TARGET = 13.0;
				LD_RUNPATH_SEARCH_PATHS = (
					"$(inherited)",
					"@executable_path/Frameworks",
				);
				MARKETING_VERSION = 1.0;
				PRODUCT_BUNDLE_IDENTIFIER = com.howift.Noon;
				PRODUCT_NAME = "$(TARGET_NAME)";
				SWIFT_EMIT_LOC_STRINGS = YES;
				SWIFT_VERSION = 5.0;
				TARGETED_DEVICE_FAMILY = "1,2";
			};
			name = Release;
		};
/* End XCBuildConfiguration section */

/* Begin XCConfigurationList section */
		B4BB1F95281BAF2A003E4B24 /* Build configuration list for PBXProject "Noon" */ = {
			isa = XCConfigurationList;
			buildConfigurations = (
				B4BB1FAC281BAF2A003E4B24 /* Debug */,
				B4BB1FAD281BAF2A003E4B24 /* Release */,
			);
			defaultConfigurationIsVisible = 0;
			defaultConfigurationName = Release;
		};
		B4BB1FAE281BAF2A003E4B24 /* Build configuration list for PBXNativeTarget "Noon" */ = {
			isa = XCConfigurationList;
			buildConfigurations = (
				B4BB1FAF281BAF2A003E4B24 /* Debug */,
				B4BB1FB0281BAF2A003E4B24 /* Release */,
			);
			defaultConfigurationIsVisible = 0;
			defaultConfigurationName = Release;
		};
/* End XCConfigurationList section */
	};
	rootObject = B4BB1F92281BAF2A003E4B24 /* Project object */;
}
